// !$*UTF8*$!
{
	archiveVersion = 1;
	classes = {
	};
	objectVersion = 50;
	objects = {

/* Begin PBXBuildFile section */
		307075F4219F478A000E198E /* OrderClass.swift in Sources */ = {isa = PBXBuildFile; fileRef = 307075F3219F478A000E198E /* OrderClass.swift */; };
		3D1E081F219620090079B694 /* AppDelegate.swift in Sources */ = {isa = PBXBuildFile; fileRef = 3D1E081E219620090079B694 /* AppDelegate.swift */; };
		3D1E0821219620090079B694 /* ViewController.swift in Sources */ = {isa = PBXBuildFile; fileRef = 3D1E0820219620090079B694 /* ViewController.swift */; };
		3D1E0824219620090079B694 /* Main.storyboard in Resources */ = {isa = PBXBuildFile; fileRef = 3D1E0822219620090079B694 /* Main.storyboard */; };
		3D1E08262196200A0079B694 /* Assets.xcassets in Resources */ = {isa = PBXBuildFile; fileRef = 3D1E08252196200A0079B694 /* Assets.xcassets */; };
		3D1E08292196200A0079B694 /* LaunchScreen.storyboard in Resources */ = {isa = PBXBuildFile; fileRef = 3D1E08272196200A0079B694 /* LaunchScreen.storyboard */; };
		3D1E08342196200A0079B694 /* Drip_V1Tests.swift in Sources */ = {isa = PBXBuildFile; fileRef = 3D1E08332196200A0079B694 /* Drip_V1Tests.swift */; };
		3D1E083F2196200A0079B694 /* Drip_V1UITests.swift in Sources */ = {isa = PBXBuildFile; fileRef = 3D1E083E2196200A0079B694 /* Drip_V1UITests.swift */; };
		3D1E084D219626480079B694 /* SignInViewController.swift in Sources */ = {isa = PBXBuildFile; fileRef = 3D1E084C219626480079B694 /* SignInViewController.swift */; };
		3D1E084F2196265D0079B694 /* SignUpViewController.swift in Sources */ = {isa = PBXBuildFile; fileRef = 3D1E084E2196265D0079B694 /* SignUpViewController.swift */; };
		3D1E0859219635390079B694 /* AddSomethingViewController.swift in Sources */ = {isa = PBXBuildFile; fileRef = 3D1E0858219635390079B694 /* AddSomethingViewController.swift */; };
		3D1E085D219635740079B694 /* DrinkSummaryViewController.swift in Sources */ = {isa = PBXBuildFile; fileRef = 3D1E085C219635740079B694 /* DrinkSummaryViewController.swift */; };
		3D1E085F219635810079B694 /* MapViewController.swift in Sources */ = {isa = PBXBuildFile; fileRef = 3D1E085E219635810079B694 /* MapViewController.swift */; };
		3D633FDB21A3493700B470C9 /* StartPageViewController.swift in Sources */ = {isa = PBXBuildFile; fileRef = 3D633FDA21A3493700B470C9 /* StartPageViewController.swift */; };
		3D90C21321B088CA00FD5D15 /* CoffeeShop.swift in Sources */ = {isa = PBXBuildFile; fileRef = 3D90C21221B088CA00FD5D15 /* CoffeeShop.swift */; };
		3D970D4421B85FF200B13438 /* Drip Logo.png in Resources */ = {isa = PBXBuildFile; fileRef = 3D970D4321B85FF200B13438 /* Drip Logo.png */; };
		3DB607A321B3025300CD1A0F /* theOrderViewController.swift in Sources */ = {isa = PBXBuildFile; fileRef = 3DB607A221B3025300CD1A0F /* theOrderViewController.swift */; };
		3DB607A521B358AE00CD1A0F /* DirectionsViewController.swift in Sources */ = {isa = PBXBuildFile; fileRef = 3DB607A421B358AE00CD1A0F /* DirectionsViewController.swift */; };
		3DB96A7C21B5A81100C58EDC /* SignInandSignUpViewController.swift in Sources */ = {isa = PBXBuildFile; fileRef = 3DB96A7B21B5A81100C58EDC /* SignInandSignUpViewController.swift */; };
		3DEAC2BA2199FFC300BA54E3 /* Podfile in Resources */ = {isa = PBXBuildFile; fileRef = 3DEAC2B92199FFC300BA54E3 /* Podfile */; };
		3DEAC2BC219A081100BA54E3 /* GoogleService-Info.plist in Resources */ = {isa = PBXBuildFile; fileRef = 3DEAC2BB219A081100BA54E3 /* GoogleService-Info.plist */; };
		793CB38F794508AC6449246F /* Pods_Drip_V1.framework in Frameworks */ = {isa = PBXBuildFile; fileRef = 376875FF1387E142CF2BF20C /* Pods_Drip_V1.framework */; };
/* End PBXBuildFile section */

/* Begin PBXContainerItemProxy section */
		3D1E08302196200A0079B694 /* PBXContainerItemProxy */ = {
			isa = PBXContainerItemProxy;
			containerPortal = 3D1E0813219620090079B694 /* Project object */;
			proxyType = 1;
			remoteGlobalIDString = 3D1E081A219620090079B694;
			remoteInfo = "Drip-V1";
		};
		3D1E083B2196200A0079B694 /* PBXContainerItemProxy */ = {
			isa = PBXContainerItemProxy;
			containerPortal = 3D1E0813219620090079B694 /* Project object */;
			proxyType = 1;
			remoteGlobalIDString = 3D1E081A219620090079B694;
			remoteInfo = "Drip-V1";
		};
/* End PBXContainerItemProxy section */

/* Begin PBXFileReference section */
		104113BB5D0F383704042562 /* Pods_Drip_V1UITests.framework */ = {isa = PBXFileReference; explicitFileType = wrapper.framework; includeInIndex = 0; path = Pods_Drip_V1UITests.framework; sourceTree = BUILT_PRODUCTS_DIR; };
		307075F3219F478A000E198E /* OrderClass.swift */ = {isa = PBXFileReference; lastKnownFileType = sourcecode.swift; path = OrderClass.swift; sourceTree = "<group>"; };
		376875FF1387E142CF2BF20C /* Pods_Drip_V1.framework */ = {isa = PBXFileReference; explicitFileType = wrapper.framework; includeInIndex = 0; path = Pods_Drip_V1.framework; sourceTree = BUILT_PRODUCTS_DIR; };
		3D1E081B219620090079B694 /* Drip-V1.app */ = {isa = PBXFileReference; explicitFileType = wrapper.application; includeInIndex = 0; path = "Drip-V1.app"; sourceTree = BUILT_PRODUCTS_DIR; };
		3D1E081E219620090079B694 /* AppDelegate.swift */ = {isa = PBXFileReference; lastKnownFileType = sourcecode.swift; path = AppDelegate.swift; sourceTree = "<group>"; };
		3D1E0820219620090079B694 /* ViewController.swift */ = {isa = PBXFileReference; lastKnownFileType = sourcecode.swift; path = ViewController.swift; sourceTree = "<group>"; };
		3D1E0823219620090079B694 /* Base */ = {isa = PBXFileReference; lastKnownFileType = file.storyboard; name = Base; path = Base.lproj/Main.storyboard; sourceTree = "<group>"; };
		3D1E08252196200A0079B694 /* Assets.xcassets */ = {isa = PBXFileReference; lastKnownFileType = folder.assetcatalog; path = Assets.xcassets; sourceTree = "<group>"; };
		3D1E08282196200A0079B694 /* Base */ = {isa = PBXFileReference; lastKnownFileType = file.storyboard; name = Base; path = Base.lproj/LaunchScreen.storyboard; sourceTree = "<group>"; };
		3D1E082A2196200A0079B694 /* Info.plist */ = {isa = PBXFileReference; lastKnownFileType = text.plist.xml; path = Info.plist; sourceTree = "<group>"; };
		3D1E082F2196200A0079B694 /* Drip-V1Tests.xctest */ = {isa = PBXFileReference; explicitFileType = wrapper.cfbundle; includeInIndex = 0; path = "Drip-V1Tests.xctest"; sourceTree = BUILT_PRODUCTS_DIR; };
		3D1E08332196200A0079B694 /* Drip_V1Tests.swift */ = {isa = PBXFileReference; lastKnownFileType = sourcecode.swift; path = Drip_V1Tests.swift; sourceTree = "<group>"; };
		3D1E08352196200A0079B694 /* Info.plist */ = {isa = PBXFileReference; lastKnownFileType = text.plist.xml; path = Info.plist; sourceTree = "<group>"; };
		3D1E083A2196200A0079B694 /* Drip-V1UITests.xctest */ = {isa = PBXFileReference; explicitFileType = wrapper.cfbundle; includeInIndex = 0; path = "Drip-V1UITests.xctest"; sourceTree = BUILT_PRODUCTS_DIR; };
		3D1E083E2196200A0079B694 /* Drip_V1UITests.swift */ = {isa = PBXFileReference; lastKnownFileType = sourcecode.swift; path = Drip_V1UITests.swift; sourceTree = "<group>"; };
		3D1E08402196200A0079B694 /* Info.plist */ = {isa = PBXFileReference; lastKnownFileType = text.plist.xml; path = Info.plist; sourceTree = "<group>"; };
		3D1E084C219626480079B694 /* SignInViewController.swift */ = {isa = PBXFileReference; lastKnownFileType = sourcecode.swift; path = SignInViewController.swift; sourceTree = "<group>"; };
		3D1E084E2196265D0079B694 /* SignUpViewController.swift */ = {isa = PBXFileReference; lastKnownFileType = sourcecode.swift; path = SignUpViewController.swift; sourceTree = "<group>"; };
		3D1E0858219635390079B694 /* AddSomethingViewController.swift */ = {isa = PBXFileReference; lastKnownFileType = sourcecode.swift; path = AddSomethingViewController.swift; sourceTree = "<group>"; };
		3D1E085C219635740079B694 /* DrinkSummaryViewController.swift */ = {isa = PBXFileReference; lastKnownFileType = sourcecode.swift; path = DrinkSummaryViewController.swift; sourceTree = "<group>"; };
		3D1E085E219635810079B694 /* MapViewController.swift */ = {isa = PBXFileReference; lastKnownFileType = sourcecode.swift; path = MapViewController.swift; sourceTree = "<group>"; };
		3D633FDA21A3493700B470C9 /* StartPageViewController.swift */ = {isa = PBXFileReference; fileEncoding = 4; lastKnownFileType = sourcecode.swift; path = StartPageViewController.swift; sourceTree = "<group>"; };
		3D90C21221B088CA00FD5D15 /* CoffeeShop.swift */ = {isa = PBXFileReference; fileEncoding = 4; lastKnownFileType = sourcecode.swift; path = CoffeeShop.swift; sourceTree = "<group>"; };
		3D970D4321B85FF200B13438 /* Drip Logo.png */ = {isa = PBXFileReference; lastKnownFileType = image.png; path = "Drip Logo.png"; sourceTree = "<group>"; };
		3DB607A221B3025300CD1A0F /* theOrderViewController.swift */ = {isa = PBXFileReference; lastKnownFileType = sourcecode.swift; path = theOrderViewController.swift; sourceTree = "<group>"; };
		3DB607A421B358AE00CD1A0F /* DirectionsViewController.swift */ = {isa = PBXFileReference; lastKnownFileType = sourcecode.swift; path = DirectionsViewController.swift; sourceTree = "<group>"; };
		3DB96A7B21B5A81100C58EDC /* SignInandSignUpViewController.swift */ = {isa = PBXFileReference; lastKnownFileType = sourcecode.swift; path = SignInandSignUpViewController.swift; sourceTree = "<group>"; };
		3DEAC2B92199FFC300BA54E3 /* Podfile */ = {isa = PBXFileReference; fileEncoding = 4; lastKnownFileType = text; path = Podfile; sourceTree = "<group>"; xcLanguageSpecificationIdentifier = xcode.lang.ruby; };
		3DEAC2BB219A081100BA54E3 /* GoogleService-Info.plist */ = {isa = PBXFileReference; fileEncoding = 4; lastKnownFileType = text.plist.xml; path = "GoogleService-Info.plist"; sourceTree = "<group>"; };
		A6CB9A7914F31B01C51DE9DE /* Pods-Drip-V1.release.xcconfig */ = {isa = PBXFileReference; includeInIndex = 1; lastKnownFileType = text.xcconfig; name = "Pods-Drip-V1.release.xcconfig"; path = "Pods/Target Support Files/Pods-Drip-V1/Pods-Drip-V1.release.xcconfig"; sourceTree = "<group>"; };
		B9124229977280D47B9F5084 /* Pods-Drip-V1.debug.xcconfig */ = {isa = PBXFileReference; includeInIndex = 1; lastKnownFileType = text.xcconfig; name = "Pods-Drip-V1.debug.xcconfig"; path = "Pods/Target Support Files/Pods-Drip-V1/Pods-Drip-V1.debug.xcconfig"; sourceTree = "<group>"; };
		D7C384FE272814ACA5E12F85 /* Pods_Drip_V1Tests.framework */ = {isa = PBXFileReference; explicitFileType = wrapper.framework; includeInIndex = 0; path = Pods_Drip_V1Tests.framework; sourceTree = BUILT_PRODUCTS_DIR; };
/* End PBXFileReference section */

/* Begin PBXFrameworksBuildPhase section */
		3D1E0818219620090079B694 /* Frameworks */ = {
			isa = PBXFrameworksBuildPhase;
			buildActionMask = 2147483647;
			files = (
				793CB38F794508AC6449246F /* Pods_Drip_V1.framework in Frameworks */,
			);
			runOnlyForDeploymentPostprocessing = 0;
		};
		3D1E082C2196200A0079B694 /* Frameworks */ = {
			isa = PBXFrameworksBuildPhase;
			buildActionMask = 2147483647;
			files = (
			);
			runOnlyForDeploymentPostprocessing = 0;
		};
		3D1E08372196200A0079B694 /* Frameworks */ = {
			isa = PBXFrameworksBuildPhase;
			buildActionMask = 2147483647;
			files = (
			);
			runOnlyForDeploymentPostprocessing = 0;
		};
/* End PBXFrameworksBuildPhase section */

/* Begin PBXGroup section */
		3D1E0812219620090079B694 = {
			isa = PBXGroup;
			children = (
				3D1E081D219620090079B694 /* Drip-V1 */,
				3D1E08322196200A0079B694 /* Drip-V1Tests */,
				3D1E083D2196200A0079B694 /* Drip-V1UITests */,
				3D1E081C219620090079B694 /* Products */,
				3DEAC2B92199FFC300BA54E3 /* Podfile */,
				7B38E0B945AA54451F85CBEA /* Pods */,
				924EEB5C64637723BDE37918 /* Frameworks */,
			);
			sourceTree = "<group>";
		};
		3D1E081C219620090079B694 /* Products */ = {
			isa = PBXGroup;
			children = (
				3D1E081B219620090079B694 /* Drip-V1.app */,
				3D1E082F2196200A0079B694 /* Drip-V1Tests.xctest */,
				3D1E083A2196200A0079B694 /* Drip-V1UITests.xctest */,
			);
			name = Products;
			sourceTree = "<group>";
		};
		3D1E081D219620090079B694 /* Drip-V1 */ = {
			isa = PBXGroup;
			children = (
				3DEAC2BB219A081100BA54E3 /* GoogleService-Info.plist */,
				3D1E081E219620090079B694 /* AppDelegate.swift */,
				3D1E0820219620090079B694 /* ViewController.swift */,
				3D1E0822219620090079B694 /* Main.storyboard */,
				3D1E08252196200A0079B694 /* Assets.xcassets */,
				3D1E08272196200A0079B694 /* LaunchScreen.storyboard */,
				3D1E082A2196200A0079B694 /* Info.plist */,
				3D1E084C219626480079B694 /* SignInViewController.swift */,
				3D1E084E2196265D0079B694 /* SignUpViewController.swift */,
				3DB607A221B3025300CD1A0F /* theOrderViewController.swift */,
				3D633FDA21A3493700B470C9 /* StartPageViewController.swift */,
				3D1E0858219635390079B694 /* AddSomethingViewController.swift */,
				3D1E085C219635740079B694 /* DrinkSummaryViewController.swift */,
				3D1E085E219635810079B694 /* MapViewController.swift */,
				3D90C21221B088CA00FD5D15 /* CoffeeShop.swift */,
				307075F3219F478A000E198E /* OrderClass.swift */,
				3DB607A421B358AE00CD1A0F /* DirectionsViewController.swift */,
				3D970D4321B85FF200B13438 /* Drip Logo.png */,
				3DB96A7B21B5A81100C58EDC /* SignInandSignUpViewController.swift */,
			);
			path = "Drip-V1";
			sourceTree = "<group>";
		};
		3D1E08322196200A0079B694 /* Drip-V1Tests */ = {
			isa = PBXGroup;
			children = (
				3D1E08332196200A0079B694 /* Drip_V1Tests.swift */,
				3D1E08352196200A0079B694 /* Info.plist */,
			);
			path = "Drip-V1Tests";
			sourceTree = "<group>";
		};
		3D1E083D2196200A0079B694 /* Drip-V1UITests */ = {
			isa = PBXGroup;
			children = (
				3D1E083E2196200A0079B694 /* Drip_V1UITests.swift */,
				3D1E08402196200A0079B694 /* Info.plist */,
			);
			path = "Drip-V1UITests";
			sourceTree = "<group>";
		};
		7B38E0B945AA54451F85CBEA /* Pods */ = {
			isa = PBXGroup;
			children = (
				B9124229977280D47B9F5084 /* Pods-Drip-V1.debug.xcconfig */,
				A6CB9A7914F31B01C51DE9DE /* Pods-Drip-V1.release.xcconfig */,
			);
			name = Pods;
			sourceTree = "<group>";
		};
		924EEB5C64637723BDE37918 /* Frameworks */ = {
			isa = PBXGroup;
			children = (
				376875FF1387E142CF2BF20C /* Pods_Drip_V1.framework */,
				D7C384FE272814ACA5E12F85 /* Pods_Drip_V1Tests.framework */,
				104113BB5D0F383704042562 /* Pods_Drip_V1UITests.framework */,
			);
			name = Frameworks;
			sourceTree = "<group>";
		};
/* End PBXGroup section */

/* Begin PBXNativeTarget section */
		3D1E081A219620090079B694 /* Drip-V1 */ = {
			isa = PBXNativeTarget;
			buildConfigurationList = 3D1E08432196200A0079B694 /* Build configuration list for PBXNativeTarget "Drip-V1" */;
			buildPhases = (
				88856C7E1CFC0A14285FE08E /* [CP] Check Pods Manifest.lock */,
				3D1E0817219620090079B694 /* Sources */,
				3D1E0818219620090079B694 /* Frameworks */,
				3D1E0819219620090079B694 /* Resources */,
				30F443DA4A3D755196652981 /* [CP] Embed Pods Frameworks */,
				8AF122E0EF75E2BD2ED07228 /* [CP] Copy Pods Resources */,
			);
			buildRules = (
			);
			dependencies = (
			);
			name = "Drip-V1";
			productName = "Drip-V1";
			productReference = 3D1E081B219620090079B694 /* Drip-V1.app */;
			productType = "com.apple.product-type.application";
		};
		3D1E082E2196200A0079B694 /* Drip-V1Tests */ = {
			isa = PBXNativeTarget;
			buildConfigurationList = 3D1E08462196200A0079B694 /* Build configuration list for PBXNativeTarget "Drip-V1Tests" */;
			buildPhases = (
				3D1E082B2196200A0079B694 /* Sources */,
				3D1E082C2196200A0079B694 /* Frameworks */,
				3D1E082D2196200A0079B694 /* Resources */,
			);
			buildRules = (
			);
			dependencies = (
				3D1E08312196200A0079B694 /* PBXTargetDependency */,
			);
			name = "Drip-V1Tests";
			productName = "Drip-V1Tests";
			productReference = 3D1E082F2196200A0079B694 /* Drip-V1Tests.xctest */;
			productType = "com.apple.product-type.bundle.unit-test";
		};
		3D1E08392196200A0079B694 /* Drip-V1UITests */ = {
			isa = PBXNativeTarget;
			buildConfigurationList = 3D1E08492196200A0079B694 /* Build configuration list for PBXNativeTarget "Drip-V1UITests" */;
			buildPhases = (
				3D1E08362196200A0079B694 /* Sources */,
				3D1E08372196200A0079B694 /* Frameworks */,
				3D1E08382196200A0079B694 /* Resources */,
			);
			buildRules = (
			);
			dependencies = (
				3D1E083C2196200A0079B694 /* PBXTargetDependency */,
			);
			name = "Drip-V1UITests";
			productName = "Drip-V1UITests";
			productReference = 3D1E083A2196200A0079B694 /* Drip-V1UITests.xctest */;
			productType = "com.apple.product-type.bundle.ui-testing";
		};
/* End PBXNativeTarget section */

/* Begin PBXProject section */
		3D1E0813219620090079B694 /* Project object */ = {
			isa = PBXProject;
			attributes = {
				LastSwiftUpdateCheck = 1010;
				LastUpgradeCheck = 1010;
				ORGANIZATIONNAME = "William Pintas";
				TargetAttributes = {
					3D1E081A219620090079B694 = {
						CreatedOnToolsVersion = 10.1;
					};
					3D1E082E2196200A0079B694 = {
						CreatedOnToolsVersion = 10.1;
						TestTargetID = 3D1E081A219620090079B694;
					};
					3D1E08392196200A0079B694 = {
						CreatedOnToolsVersion = 10.1;
						TestTargetID = 3D1E081A219620090079B694;
					};
				};
			};
			buildConfigurationList = 3D1E0816219620090079B694 /* Build configuration list for PBXProject "Drip-V1" */;
			compatibilityVersion = "Xcode 9.3";
			developmentRegion = en;
			hasScannedForEncodings = 0;
			knownRegions = (
				en,
				Base,
			);
			mainGroup = 3D1E0812219620090079B694;
			productRefGroup = 3D1E081C219620090079B694 /* Products */;
			projectDirPath = "";
			projectRoot = "";
			targets = (
				3D1E081A219620090079B694 /* Drip-V1 */,
				3D1E082E2196200A0079B694 /* Drip-V1Tests */,
				3D1E08392196200A0079B694 /* Drip-V1UITests */,
			);
		};
/* End PBXProject section */

/* Begin PBXResourcesBuildPhase section */
		3D1E0819219620090079B694 /* Resources */ = {
			isa = PBXResourcesBuildPhase;
			buildActionMask = 2147483647;
			files = (
				3D1E08292196200A0079B694 /* LaunchScreen.storyboard in Resources */,
				3D1E08262196200A0079B694 /* Assets.xcassets in Resources */,
				3D970D4421B85FF200B13438 /* Drip Logo.png in Resources */,
				3DEAC2BC219A081100BA54E3 /* GoogleService-Info.plist in Resources */,
				3DEAC2BA2199FFC300BA54E3 /* Podfile in Resources */,
				3D1E0824219620090079B694 /* Main.storyboard in Resources */,
			);
			runOnlyForDeploymentPostprocessing = 0;
		};
		3D1E082D2196200A0079B694 /* Resources */ = {
			isa = PBXResourcesBuildPhase;
			buildActionMask = 2147483647;
			files = (
			);
			runOnlyForDeploymentPostprocessing = 0;
		};
		3D1E08382196200A0079B694 /* Resources */ = {
			isa = PBXResourcesBuildPhase;
			buildActionMask = 2147483647;
			files = (
			);
			runOnlyForDeploymentPostprocessing = 0;
		};
/* End PBXResourcesBuildPhase section */

/* Begin PBXShellScriptBuildPhase section */
		30F443DA4A3D755196652981 /* [CP] Embed Pods Frameworks */ = {
			isa = PBXShellScriptBuildPhase;
			buildActionMask = 2147483647;
			files = (
			);
			inputFileListPaths = (
			);
			inputPaths = (
				"${SRCROOT}/Pods/Target Support Files/Pods-Drip-V1/Pods-Drip-V1-frameworks.sh",
				"${BUILT_PRODUCTS_DIR}/Bolts/Bolts.framework",
				"${BUILT_PRODUCTS_DIR}/BoringSSL/openssl.framework",
				"${BUILT_PRODUCTS_DIR}/FBSDKCoreKit/FBSDKCoreKit.framework",
				"${BUILT_PRODUCTS_DIR}/FBSDKLoginKit/FBSDKLoginKit.framework",
				"${BUILT_PRODUCTS_DIR}/GTMOAuth2/GTMOAuth2.framework",
				"${BUILT_PRODUCTS_DIR}/GTMSessionFetcher/GTMSessionFetcher.framework",
				"${BUILT_PRODUCTS_DIR}/GoogleToolboxForMac/GoogleToolboxForMac.framework",
				"${BUILT_PRODUCTS_DIR}/GoogleUtilities/GoogleUtilities.framework",
				"${BUILT_PRODUCTS_DIR}/Protobuf/Protobuf.framework",
				"${BUILT_PRODUCTS_DIR}/Reachability/Reachability.framework",
				"${BUILT_PRODUCTS_DIR}/SDWebImage/SDWebImage.framework",
				"${PODS_ROOT}/TwitterCore/iOS/TwitterCore.framework",
				"${PODS_ROOT}/TwitterKit/iOS/TwitterKit.framework",
				"${BUILT_PRODUCTS_DIR}/gRPC/GRPCClient.framework",
				"${BUILT_PRODUCTS_DIR}/gRPC-C++/grpcpp.framework",
				"${BUILT_PRODUCTS_DIR}/gRPC-Core/grpc.framework",
				"${BUILT_PRODUCTS_DIR}/gRPC-ProtoRPC/ProtoRPC.framework",
				"${BUILT_PRODUCTS_DIR}/gRPC-RxLibrary/RxLibrary.framework",
				"${BUILT_PRODUCTS_DIR}/leveldb-library/leveldb.framework",
				"${BUILT_PRODUCTS_DIR}/nanopb/nanopb.framework",
			);
			name = "[CP] Embed Pods Frameworks";
			outputFileListPaths = (
			);
			outputPaths = (
				"${TARGET_BUILD_DIR}/${FRAMEWORKS_FOLDER_PATH}/Bolts.framework",
				"${TARGET_BUILD_DIR}/${FRAMEWORKS_FOLDER_PATH}/openssl.framework",
				"${TARGET_BUILD_DIR}/${FRAMEWORKS_FOLDER_PATH}/FBSDKCoreKit.framework",
				"${TARGET_BUILD_DIR}/${FRAMEWORKS_FOLDER_PATH}/FBSDKLoginKit.framework",
				"${TARGET_BUILD_DIR}/${FRAMEWORKS_FOLDER_PATH}/GTMOAuth2.framework",
				"${TARGET_BUILD_DIR}/${FRAMEWORKS_FOLDER_PATH}/GTMSessionFetcher.framework",
				"${TARGET_BUILD_DIR}/${FRAMEWORKS_FOLDER_PATH}/GoogleToolboxForMac.framework",
				"${TARGET_BUILD_DIR}/${FRAMEWORKS_FOLDER_PATH}/GoogleUtilities.framework",
				"${TARGET_BUILD_DIR}/${FRAMEWORKS_FOLDER_PATH}/Protobuf.framework",
				"${TARGET_BUILD_DIR}/${FRAMEWORKS_FOLDER_PATH}/Reachability.framework",
				"${TARGET_BUILD_DIR}/${FRAMEWORKS_FOLDER_PATH}/SDWebImage.framework",
				"${TARGET_BUILD_DIR}/${FRAMEWORKS_FOLDER_PATH}/TwitterCore.framework",
				"${TARGET_BUILD_DIR}/${FRAMEWORKS_FOLDER_PATH}/TwitterKit.framework",
				"${TARGET_BUILD_DIR}/${FRAMEWORKS_FOLDER_PATH}/GRPCClient.framework",
				"${TARGET_BUILD_DIR}/${FRAMEWORKS_FOLDER_PATH}/grpcpp.framework",
				"${TARGET_BUILD_DIR}/${FRAMEWORKS_FOLDER_PATH}/grpc.framework",
				"${TARGET_BUILD_DIR}/${FRAMEWORKS_FOLDER_PATH}/ProtoRPC.framework",
				"${TARGET_BUILD_DIR}/${FRAMEWORKS_FOLDER_PATH}/RxLibrary.framework",
				"${TARGET_BUILD_DIR}/${FRAMEWORKS_FOLDER_PATH}/leveldb.framework",
				"${TARGET_BUILD_DIR}/${FRAMEWORKS_FOLDER_PATH}/nanopb.framework",
			);
			runOnlyForDeploymentPostprocessing = 0;
			shellPath = /bin/sh;
			shellScript = "\"${SRCROOT}/Pods/Target Support Files/Pods-Drip-V1/Pods-Drip-V1-frameworks.sh\"\n";
			showEnvVarsInLog = 0;
		};
		88856C7E1CFC0A14285FE08E /* [CP] Check Pods Manifest.lock */ = {
			isa = PBXShellScriptBuildPhase;
			buildActionMask = 2147483647;
			files = (
			);
			inputFileListPaths = (
			);
			inputPaths = (
				"${PODS_PODFILE_DIR_PATH}/Podfile.lock",
				"${PODS_ROOT}/Manifest.lock",
			);
			name = "[CP] Check Pods Manifest.lock";
			outputFileListPaths = (
			);
			outputPaths = (
				"$(DERIVED_FILE_DIR)/Pods-Drip-V1-checkManifestLockResult.txt",
			);
			runOnlyForDeploymentPostprocessing = 0;
			shellPath = /bin/sh;
			shellScript = "diff \"${PODS_PODFILE_DIR_PATH}/Podfile.lock\" \"${PODS_ROOT}/Manifest.lock\" > /dev/null\nif [ $? != 0 ] ; then\n    # print error to STDERR\n    echo \"error: The sandbox is not in sync with the Podfile.lock. Run 'pod install' or update your CocoaPods installation.\" >&2\n    exit 1\nfi\n# This output is used by Xcode 'outputs' to avoid re-running this script phase.\necho \"SUCCESS\" > \"${SCRIPT_OUTPUT_FILE_0}\"\n";
			showEnvVarsInLog = 0;
		};
		8AF122E0EF75E2BD2ED07228 /* [CP] Copy Pods Resources */ = {
			isa = PBXShellScriptBuildPhase;
			buildActionMask = 2147483647;
			files = (
			);
			inputFileListPaths = (
			);
			inputPaths = (
				"${SRCROOT}/Pods/Target Support Files/Pods-Drip-V1/Pods-Drip-V1-resources.sh",
				"${PODS_CONFIGURATION_BUILD_DIR}/FirebaseUI/FirebaseAnonymousAuthUI.bundle",
				"${PODS_CONFIGURATION_BUILD_DIR}/FirebaseUI/FirebaseAuthUI.bundle",
				"${PODS_CONFIGURATION_BUILD_DIR}/FirebaseUI/FirebaseFacebookAuthUI.bundle",
				"${PODS_CONFIGURATION_BUILD_DIR}/FirebaseUI/FirebaseGoogleAuthUI.bundle",
				"${PODS_CONFIGURATION_BUILD_DIR}/FirebaseUI/FirebasePhoneAuthUI.bundle",
				"${PODS_CONFIGURATION_BUILD_DIR}/FirebaseUI/FirebaseTwitterAuthUI.bundle",
				"${PODS_ROOT}/GoogleSignIn/Resources/GoogleSignIn.bundle",
				"${PODS_ROOT}/TwitterKit/iOS/TwitterKit.framework/TwitterKitResources.bundle",
			);
			name = "[CP] Copy Pods Resources";
			outputFileListPaths = (
			);
			outputPaths = (
				"${TARGET_BUILD_DIR}/${UNLOCALIZED_RESOURCES_FOLDER_PATH}/FirebaseAnonymousAuthUI.bundle",
				"${TARGET_BUILD_DIR}/${UNLOCALIZED_RESOURCES_FOLDER_PATH}/FirebaseAuthUI.bundle",
				"${TARGET_BUILD_DIR}/${UNLOCALIZED_RESOURCES_FOLDER_PATH}/FirebaseFacebookAuthUI.bundle",
				"${TARGET_BUILD_DIR}/${UNLOCALIZED_RESOURCES_FOLDER_PATH}/FirebaseGoogleAuthUI.bundle",
				"${TARGET_BUILD_DIR}/${UNLOCALIZED_RESOURCES_FOLDER_PATH}/FirebasePhoneAuthUI.bundle",
				"${TARGET_BUILD_DIR}/${UNLOCALIZED_RESOURCES_FOLDER_PATH}/FirebaseTwitterAuthUI.bundle",
				"${TARGET_BUILD_DIR}/${UNLOCALIZED_RESOURCES_FOLDER_PATH}/GoogleSignIn.bundle",
				"${TARGET_BUILD_DIR}/${UNLOCALIZED_RESOURCES_FOLDER_PATH}/TwitterKitResources.bundle",
			);
			runOnlyForDeploymentPostprocessing = 0;
			shellPath = /bin/sh;
			shellScript = "\"${SRCROOT}/Pods/Target Support Files/Pods-Drip-V1/Pods-Drip-V1-resources.sh\"\n";
			showEnvVarsInLog = 0;
		};
/* End PBXShellScriptBuildPhase section */

/* Begin PBXSourcesBuildPhase section */
		3D1E0817219620090079B694 /* Sources */ = {
			isa = PBXSourcesBuildPhase;
			buildActionMask = 2147483647;
			files = (
				3DB607A321B3025300CD1A0F /* theOrderViewController.swift in Sources */,
				307075F4219F478A000E198E /* OrderClass.swift in Sources */,
				3D1E0821219620090079B694 /* ViewController.swift in Sources */,
				3D90C21321B088CA00FD5D15 /* CoffeeShop.swift in Sources */,
				3DB607A521B358AE00CD1A0F /* DirectionsViewController.swift in Sources */,
				3D1E085F219635810079B694 /* MapViewController.swift in Sources */,
				3D1E0859219635390079B694 /* AddSomethingViewController.swift in Sources */,
				3DB96A7C21B5A81100C58EDC /* SignInandSignUpViewController.swift in Sources */,
				3D1E081F219620090079B694 /* AppDelegate.swift in Sources */,
				3D1E084F2196265D0079B694 /* SignUpViewController.swift in Sources */,
				3D1E085D219635740079B694 /* DrinkSummaryViewController.swift in Sources */,
				3D633FDB21A3493700B470C9 /* StartPageViewController.swift in Sources */,
				3D1E084D219626480079B694 /* SignInViewController.swift in Sources */,
			);
			runOnlyForDeploymentPostprocessing = 0;
		};
		3D1E082B2196200A0079B694 /* Sources */ = {
			isa = PBXSourcesBuildPhase;
			buildActionMask = 2147483647;
			files = (
				3D1E08342196200A0079B694 /* Drip_V1Tests.swift in Sources */,
			);
			runOnlyForDeploymentPostprocessing = 0;
		};
		3D1E08362196200A0079B694 /* Sources */ = {
			isa = PBXSourcesBuildPhase;
			buildActionMask = 2147483647;
			files = (
				3D1E083F2196200A0079B694 /* Drip_V1UITests.swift in Sources */,
			);
			runOnlyForDeploymentPostprocessing = 0;
		};
/* End PBXSourcesBuildPhase section */

/* Begin PBXTargetDependency section */
		3D1E08312196200A0079B694 /* PBXTargetDependency */ = {
			isa = PBXTargetDependency;
			target = 3D1E081A219620090079B694 /* Drip-V1 */;
			targetProxy = 3D1E08302196200A0079B694 /* PBXContainerItemProxy */;
		};
		3D1E083C2196200A0079B694 /* PBXTargetDependency */ = {
			isa = PBXTargetDependency;
			target = 3D1E081A219620090079B694 /* Drip-V1 */;
			targetProxy = 3D1E083B2196200A0079B694 /* PBXContainerItemProxy */;
		};
/* End PBXTargetDependency section */

/* Begin PBXVariantGroup section */
		3D1E0822219620090079B694 /* Main.storyboard */ = {
			isa = PBXVariantGroup;
			children = (
				3D1E0823219620090079B694 /* Base */,
			);
			name = Main.storyboard;
			sourceTree = "<group>";
		};
		3D1E08272196200A0079B694 /* LaunchScreen.storyboard */ = {
			isa = PBXVariantGroup;
			children = (
				3D1E08282196200A0079B694 /* Base */,
			);
			name = LaunchScreen.storyboard;
			sourceTree = "<group>";
		};
/* End PBXVariantGroup section */

/* Begin XCBuildConfiguration section */
		3D1E08412196200A0079B694 /* Debug */ = {
			isa = XCBuildConfiguration;
			buildSettings = {
				ALWAYS_SEARCH_USER_PATHS = NO;
				CLANG_ANALYZER_NONNULL = YES;
				CLANG_ANALYZER_NUMBER_OBJECT_CONVERSION = YES_AGGRESSIVE;
				CLANG_CXX_LANGUAGE_STANDARD = "gnu++14";
				CLANG_CXX_LIBRARY = "libc++";
				CLANG_ENABLE_MODULES = YES;
				CLANG_ENABLE_OBJC_ARC = YES;
				CLANG_ENABLE_OBJC_WEAK = YES;
				CLANG_WARN_BLOCK_CAPTURE_AUTORELEASING = YES;
				CLANG_WARN_BOOL_CONVERSION = YES;
				CLANG_WARN_COMMA = YES;
				CLANG_WARN_CONSTANT_CONVERSION = YES;
				CLANG_WARN_DEPRECATED_OBJC_IMPLEMENTATIONS = YES;
				CLANG_WARN_DIRECT_OBJC_ISA_USAGE = YES_ERROR;
				CLANG_WARN_DOCUMENTATION_COMMENTS = YES;
				CLANG_WARN_EMPTY_BODY = YES;
				CLANG_WARN_ENUM_CONVERSION = YES;
				CLANG_WARN_INFINITE_RECURSION = YES;
				CLANG_WARN_INT_CONVERSION = YES;
				CLANG_WARN_NON_LITERAL_NULL_CONVERSION = YES;
				CLANG_WARN_OBJC_IMPLICIT_RETAIN_SELF = YES;
				CLANG_WARN_OBJC_LITERAL_CONVERSION = YES;
				CLANG_WARN_OBJC_ROOT_CLASS = YES_ERROR;
				CLANG_WARN_RANGE_LOOP_ANALYSIS = YES;
				CLANG_WARN_STRICT_PROTOTYPES = YES;
				CLANG_WARN_SUSPICIOUS_MOVE = YES;
				CLANG_WARN_UNGUARDED_AVAILABILITY = YES_AGGRESSIVE;
				CLANG_WARN_UNREACHABLE_CODE = YES;
				CLANG_WARN__DUPLICATE_METHOD_MATCH = YES;
				CODE_SIGN_IDENTITY = "iPhone Developer";
				COPY_PHASE_STRIP = NO;
				DEBUG_INFORMATION_FORMAT = dwarf;
				ENABLE_STRICT_OBJC_MSGSEND = YES;
				ENABLE_TESTABILITY = YES;
				GCC_C_LANGUAGE_STANDARD = gnu11;
				GCC_DYNAMIC_NO_PIC = NO;
				GCC_NO_COMMON_BLOCKS = YES;
				GCC_OPTIMIZATION_LEVEL = 0;
				GCC_PREPROCESSOR_DEFINITIONS = (
					"DEBUG=1",
					"$(inherited)",
				);
				GCC_WARN_64_TO_32_BIT_CONVERSION = YES;
				GCC_WARN_ABOUT_RETURN_TYPE = YES_ERROR;
				GCC_WARN_UNDECLARED_SELECTOR = YES;
				GCC_WARN_UNINITIALIZED_AUTOS = YES_AGGRESSIVE;
				GCC_WARN_UNUSED_FUNCTION = YES;
				GCC_WARN_UNUSED_VARIABLE = YES;
				IPHONEOS_DEPLOYMENT_TARGET = 12.1;
				MTL_ENABLE_DEBUG_INFO = INCLUDE_SOURCE;
				MTL_FAST_MATH = YES;
				ONLY_ACTIVE_ARCH = YES;
				SDKROOT = iphoneos;
				SWIFT_ACTIVE_COMPILATION_CONDITIONS = DEBUG;
				SWIFT_OPTIMIZATION_LEVEL = "-Onone";
			};
			name = Debug;
		};
		3D1E08422196200A0079B694 /* Release */ = {
			isa = XCBuildConfiguration;
			buildSettings = {
				ALWAYS_SEARCH_USER_PATHS = NO;
				CLANG_ANALYZER_NONNULL = YES;
				CLANG_ANALYZER_NUMBER_OBJECT_CONVERSION = YES_AGGRESSIVE;
				CLANG_CXX_LANGUAGE_STANDARD = "gnu++14";
				CLANG_CXX_LIBRARY = "libc++";
				CLANG_ENABLE_MODULES = YES;
				CLANG_ENABLE_OBJC_ARC = YES;
				CLANG_ENABLE_OBJC_WEAK = YES;
				CLANG_WARN_BLOCK_CAPTURE_AUTORELEASING = YES;
				CLANG_WARN_BOOL_CONVERSION = YES;
				CLANG_WARN_COMMA = YES;
				CLANG_WARN_CONSTANT_CONVERSION = YES;
				CLANG_WARN_DEPRECATED_OBJC_IMPLEMENTATIONS = YES;
				CLANG_WARN_DIRECT_OBJC_ISA_USAGE = YES_ERROR;
				CLANG_WARN_DOCUMENTATION_COMMENTS = YES;
				CLANG_WARN_EMPTY_BODY = YES;
				CLANG_WARN_ENUM_CONVERSION = YES;
				CLANG_WARN_INFINITE_RECURSION = YES;
				CLANG_WARN_INT_CONVERSION = YES;
				CLANG_WARN_NON_LITERAL_NULL_CONVERSION = YES;
				CLANG_WARN_OBJC_IMPLICIT_RETAIN_SELF = YES;
				CLANG_WARN_OBJC_LITERAL_CONVERSION = YES;
				CLANG_WARN_OBJC_ROOT_CLASS = YES_ERROR;
				CLANG_WARN_RANGE_LOOP_ANALYSIS = YES;
				CLANG_WARN_STRICT_PROTOTYPES = YES;
				CLANG_WARN_SUSPICIOUS_MOVE = YES;
				CLANG_WARN_UNGUARDED_AVAILABILITY = YES_AGGRESSIVE;
				CLANG_WARN_UNREACHABLE_CODE = YES;
				CLANG_WARN__DUPLICATE_METHOD_MATCH = YES;
				CODE_SIGN_IDENTITY = "iPhone Developer";
				COPY_PHASE_STRIP = NO;
				DEBUG_INFORMATION_FORMAT = "dwarf-with-dsym";
				ENABLE_NS_ASSERTIONS = NO;
				ENABLE_STRICT_OBJC_MSGSEND = YES;
				GCC_C_LANGUAGE_STANDARD = gnu11;
				GCC_NO_COMMON_BLOCKS = YES;
				GCC_WARN_64_TO_32_BIT_CONVERSION = YES;
				GCC_WARN_ABOUT_RETURN_TYPE = YES_ERROR;
				GCC_WARN_UNDECLARED_SELECTOR = YES;
				GCC_WARN_UNINITIALIZED_AUTOS = YES_AGGRESSIVE;
				GCC_WARN_UNUSED_FUNCTION = YES;
				GCC_WARN_UNUSED_VARIABLE = YES;
				IPHONEOS_DEPLOYMENT_TARGET = 12.1;
				MTL_ENABLE_DEBUG_INFO = NO;
				MTL_FAST_MATH = YES;
				SDKROOT = iphoneos;
				SWIFT_COMPILATION_MODE = wholemodule;
				SWIFT_OPTIMIZATION_LEVEL = "-O";
				VALIDATE_PRODUCT = YES;
			};
			name = Release;
		};
		3D1E08442196200A0079B694 /* Debug */ = {
			isa = XCBuildConfiguration;
			baseConfigurationReference = B9124229977280D47B9F5084 /* Pods-Drip-V1.debug.xcconfig */;
			buildSettings = {
				ASSETCATALOG_COMPILER_APPICON_NAME = AppIcon;
				CODE_SIGN_STYLE = Automatic;
				INFOPLIST_FILE = "Drip-V1/Info.plist";
				LD_RUNPATH_SEARCH_PATHS = (
					"$(inherited)",
					"@executable_path/Frameworks",
				);
				PRODUCT_BUNDLE_IDENTIFIER = "nyu.edu.Drip-V1";
				PRODUCT_NAME = "$(TARGET_NAME)";
				SWIFT_VERSION = 4.2;
				TARGETED_DEVICE_FAMILY = "1,2";
			};
			name = Debug;
		};
		3D1E08452196200A0079B694 /* Release */ = {
			isa = XCBuildConfiguration;
			baseConfigurationReference = A6CB9A7914F31B01C51DE9DE /* Pods-Drip-V1.release.xcconfig */;
			buildSettings = {
				ASSETCATALOG_COMPILER_APPICON_NAME = AppIcon;
				CODE_SIGN_STYLE = Automatic;
				INFOPLIST_FILE = "Drip-V1/Info.plist";
				LD_RUNPATH_SEARCH_PATHS = (
					"$(inherited)",
					"@executable_path/Frameworks",
				);
				PRODUCT_BUNDLE_IDENTIFIER = "nyu.edu.Drip-V1";
				PRODUCT_NAME = "$(TARGET_NAME)";
				SWIFT_VERSION = 4.2;
				TARGETED_DEVICE_FAMILY = "1,2";
			};
			name = Release;
		};
		3D1E08472196200A0079B694 /* Debug */ = {
			isa = XCBuildConfiguration;
			buildSettings = {
				ALWAYS_EMBED_SWIFT_STANDARD_LIBRARIES = YES;
				BUNDLE_LOADER = "$(TEST_HOST)";
				CODE_SIGN_STYLE = Automatic;
				INFOPLIST_FILE = "Drip-V1Tests/Info.plist";
				LD_RUNPATH_SEARCH_PATHS = (
					"$(inherited)",
					"@executable_path/Frameworks",
					"@loader_path/Frameworks",
				);
				PRODUCT_BUNDLE_IDENTIFIER = "nyu.edu.Drip-V1Tests";
				PRODUCT_NAME = "$(TARGET_NAME)";
				SWIFT_VERSION = 4.2;
				TARGETED_DEVICE_FAMILY = "1,2";
				TEST_HOST = "$(BUILT_PRODUCTS_DIR)/Drip-V1.app/Drip-V1";
			};
			name = Debug;
		};
		3D1E08482196200A0079B694 /* Release */ = {
			isa = XCBuildConfiguration;
			buildSettings = {
				ALWAYS_EMBED_SWIFT_STANDARD_LIBRARIES = YES;
				BUNDLE_LOADER = "$(TEST_HOST)";
				CODE_SIGN_STYLE = Automatic;
				INFOPLIST_FILE = "Drip-V1Tests/Info.plist";
				LD_RUNPATH_SEARCH_PATHS = (
					"$(inherited)",
					"@executable_path/Frameworks",
					"@loader_path/Frameworks",
				);
				PRODUCT_BUNDLE_IDENTIFIER = "nyu.edu.Drip-V1Tests";
				PRODUCT_NAME = "$(TARGET_NAME)";
				SWIFT_VERSION = 4.2;
				TARGETED_DEVICE_FAMILY = "1,2";
				TEST_HOST = "$(BUILT_PRODUCTS_DIR)/Drip-V1.app/Drip-V1";
			};
			name = Release;
		};
		3D1E084A2196200A0079B694 /* Debug */ = {
			isa = XCBuildConfiguration;
			buildSettings = {
				ALWAYS_EMBED_SWIFT_STANDARD_LIBRARIES = YES;
				CODE_SIGN_STYLE = Automatic;
				INFOPLIST_FILE = "Drip-V1UITests/Info.plist";
				LD_RUNPATH_SEARCH_PATHS = (
					"$(inherited)",
					"@executable_path/Frameworks",
					"@loader_path/Frameworks",
				);
				PRODUCT_BUNDLE_IDENTIFIER = "nyu.edu.Drip-V1UITests";
				PRODUCT_NAME = "$(TARGET_NAME)";
				SWIFT_VERSION = 4.2;
				TARGETED_DEVICE_FAMILY = "1,2";
				TEST_TARGET_NAME = "Drip-V1";
			};
			name = Debug;
		};
		3D1E084B2196200A0079B694 /* Release */ = {
			isa = XCBuildConfiguration;
			buildSettings = {
				ALWAYS_EMBED_SWIFT_STANDARD_LIBRARIES = YES;
				CODE_SIGN_STYLE = Automatic;
				INFOPLIST_FILE = "Drip-V1UITests/Info.plist";
				LD_RUNPATH_SEARCH_PATHS = (
					"$(inherited)",
					"@executable_path/Frameworks",
					"@loader_path/Frameworks",
				);
				PRODUCT_BUNDLE_IDENTIFIER = "nyu.edu.Drip-V1UITests";
				PRODUCT_NAME = "$(TARGET_NAME)";
				SWIFT_VERSION = 4.2;
				TARGETED_DEVICE_FAMILY = "1,2";
				TEST_TARGET_NAME = "Drip-V1";
			};
			name = Release;
		};
/* End XCBuildConfiguration section */

/* Begin XCConfigurationList section */
		3D1E0816219620090079B694 /* Build configuration list for PBXProject "Drip-V1" */ = {
			isa = XCConfigurationList;
			buildConfigurations = (
				3D1E08412196200A0079B694 /* Debug */,
				3D1E08422196200A0079B694 /* Release */,
			);
			defaultConfigurationIsVisible = 0;
			defaultConfigurationName = Release;
		};
		3D1E08432196200A0079B694 /* Build configuration list for PBXNativeTarget "Drip-V1" */ = {
			isa = XCConfigurationList;
			buildConfigurations = (
				3D1E08442196200A0079B694 /* Debug */,
				3D1E08452196200A0079B694 /* Release */,
			);
			defaultConfigurationIsVisible = 0;
			defaultConfigurationName = Release;
		};
		3D1E08462196200A0079B694 /* Build configuration list for PBXNativeTarget "Drip-V1Tests" */ = {
			isa = XCConfigurationList;
			buildConfigurations = (
				3D1E08472196200A0079B694 /* Debug */,
				3D1E08482196200A0079B694 /* Release */,
			);
			defaultConfigurationIsVisible = 0;
			defaultConfigurationName = Release;
		};
		3D1E08492196200A0079B694 /* Build configuration list for PBXNativeTarget "Drip-V1UITests" */ = {
			isa = XCConfigurationList;
			buildConfigurations = (
				3D1E084A2196200A0079B694 /* Debug */,
				3D1E084B2196200A0079B694 /* Release */,
			);
			defaultConfigurationIsVisible = 0;
			defaultConfigurationName = Release;
		};
/* End XCConfigurationList section */
	};
	rootObject = 3D1E0813219620090079B694 /* Project object */;
}
